PODS:
  - Alamofire (3.4.1)
  - AlamofireImage (2.4.1):
    - Alamofire (~> 3.3)
  - FZCarousel (0.1.2)
  - Koloda (3.1.1):
    - pop (~> 1.0)
  - pop (1.0.9)
  - SnapKit (0.22.0)
  - SwiftyJSON (2.3.2)

DEPENDENCIES:
  - Alamofire (~> 3.4)
  - AlamofireImage (~> 2.0)
  - FZCarousel
  - Koloda (~> 3.1)
  - SnapKit (~> 0.22)
  - SwiftyJSON

SPEC CHECKSUMS:
  Alamofire: 01a82e2f6c0f860ade35534c8dd88be61bdef40c
  AlamofireImage: 3ccf3347d9ea24580dc11fb892770a0be6a29826
  FZCarousel: 81c7fba723fd785107ee2b18079e0721457e2181
  Koloda: 782e61549cafec9fd69fc70c4a8b54bce997894d
  pop: f667631a5108a2e60d9e8797c9b32ddaf2080bce
  SnapKit: 0dd2fd157330f1ea11fd84da13e6be8a7a22bae0
  SwiftyJSON: 04ccea08915aa0109039157c7974cf0298da292a

PODFILE CHECKSUM: 2323e0218fffcb53fe3bddabe2c49b1cefd8236a

COCOAPODS: 1.0.1
