// !$*UTF8*$!
{
	archiveVersion = 1;
	classes = {
	};
	objectVersion = 46;
	objects = {

/* Begin PBXBuildFile section */
		0274AA8CCECE22CBEE84B777 /* Pods_PlayingWithNYTimesAPITests.framework in Frameworks */ = {isa = PBXBuildFile; fileRef = C514FDCFE6A8AF0618EC791A /* Pods_PlayingWithNYTimesAPITests.framework */; };
		19225D342A9A7BC5738F8C3D /* Pods_PlayingWithNYTimesAPI.framework in Frameworks */ = {isa = PBXBuildFile; fileRef = B150F0109FFAA80CBCBBD927 /* Pods_PlayingWithNYTimesAPI.framework */; };
		1BE6C0711D5414F000FD8963 /* AppDelegate.swift in Sources */ = {isa = PBXBuildFile; fileRef = 1BE6C0701D5414F000FD8963 /* AppDelegate.swift */; };
		1BE6C0731D5414F000FD8963 /* ViewController.swift in Sources */ = {isa = PBXBuildFile; fileRef = 1BE6C0721D5414F000FD8963 /* ViewController.swift */; };
		1BE6C0761D5414F000FD8963 /* Main.storyboard in Resources */ = {isa = PBXBuildFile; fileRef = 1BE6C0741D5414F000FD8963 /* Main.storyboard */; };
		1BE6C0781D5414F000FD8963 /* Assets.xcassets in Resources */ = {isa = PBXBuildFile; fileRef = 1BE6C0771D5414F000FD8963 /* Assets.xcassets */; };
		1BE6C07B1D5414F000FD8963 /* LaunchScreen.storyboard in Resources */ = {isa = PBXBuildFile; fileRef = 1BE6C0791D5414F000FD8963 /* LaunchScreen.storyboard */; };
		1BE6C0861D5414F000FD8963 /* PlayingWithNYTimesAPITests.swift in Sources */ = {isa = PBXBuildFile; fileRef = 1BE6C0851D5414F000FD8963 /* PlayingWithNYTimesAPITests.swift */; };
		1BE6C0911D5414F000FD8963 /* PlayingWithNYTimesAPIUITests.swift in Sources */ = {isa = PBXBuildFile; fileRef = 1BE6C0901D5414F000FD8963 /* PlayingWithNYTimesAPIUITests.swift */; };
		1BE6C09F1D54154900FD8963 /* NYTimesAPIClient.swift in Sources */ = {isa = PBXBuildFile; fileRef = 1BE6C09E1D54154900FD8963 /* NYTimesAPIClient.swift */; };
		1BE6C0A11D54155B00FD8963 /* LocationsDataStore.swift in Sources */ = {isa = PBXBuildFile; fileRef = 1BE6C0A01D54155B00FD8963 /* LocationsDataStore.swift */; };
		1BE6C0A31D54156300FD8963 /* Location.swift in Sources */ = {isa = PBXBuildFile; fileRef = 1BE6C0A21D54156300FD8963 /* Location.swift */; };
		8E1924DB908C6E1CD52894D0 /* Pods_PlayingWithNYTimesAPIUITests.framework in Frameworks */ = {isa = PBXBuildFile; fileRef = 2C40EB16F4360BE65E53908F /* Pods_PlayingWithNYTimesAPIUITests.framework */; };
		A488E17B1D5511F300E314D5 /* Secrets.swift in Sources */ = {isa = PBXBuildFile; fileRef = A488E17A1D5511F300E314D5 /* Secrets.swift */; };
/* End PBXBuildFile section */

/* Begin PBXContainerItemProxy section */
		1BE6C0821D5414F000FD8963 /* PBXContainerItemProxy */ = {
			isa = PBXContainerItemProxy;
			containerPortal = 1BE6C0651D5414F000FD8963 /* Project object */;
			proxyType = 1;
			remoteGlobalIDString = 1BE6C06C1D5414F000FD8963;
			remoteInfo = PlayingWithNYTimesAPI;
		};
		1BE6C08D1D5414F000FD8963 /* PBXContainerItemProxy */ = {
			isa = PBXContainerItemProxy;
			containerPortal = 1BE6C0651D5414F000FD8963 /* Project object */;
			proxyType = 1;
			remoteGlobalIDString = 1BE6C06C1D5414F000FD8963;
			remoteInfo = PlayingWithNYTimesAPI;
		};
/* End PBXContainerItemProxy section */

/* Begin PBXFileReference section */
		1BE6C06D1D5414F000FD8963 /* PlayingWithNYTimesAPI.app */ = {isa = PBXFileReference; explicitFileType = wrapper.application; includeInIndex = 0; path = PlayingWithNYTimesAPI.app; sourceTree = BUILT_PRODUCTS_DIR; };
		1BE6C0701D5414F000FD8963 /* AppDelegate.swift */ = {isa = PBXFileReference; lastKnownFileType = sourcecode.swift; path = AppDelegate.swift; sourceTree = "<group>"; };
		1BE6C0721D5414F000FD8963 /* ViewController.swift */ = {isa = PBXFileReference; lastKnownFileType = sourcecode.swift; path = ViewController.swift; sourceTree = "<group>"; };
		1BE6C0751D5414F000FD8963 /* Base */ = {isa = PBXFileReference; lastKnownFileType = file.storyboard; name = Base; path = Base.lproj/Main.storyboard; sourceTree = "<group>"; };
		1BE6C0771D5414F000FD8963 /* Assets.xcassets */ = {isa = PBXFileReference; lastKnownFileType = folder.assetcatalog; path = Assets.xcassets; sourceTree = "<group>"; };
		1BE6C07A1D5414F000FD8963 /* Base */ = {isa = PBXFileReference; lastKnownFileType = file.storyboard; name = Base; path = Base.lproj/LaunchScreen.storyboard; sourceTree = "<group>"; };
		1BE6C07C1D5414F000FD8963 /* Info.plist */ = {isa = PBXFileReference; lastKnownFileType = text.plist.xml; path = Info.plist; sourceTree = "<group>"; };
		1BE6C0811D5414F000FD8963 /* PlayingWithNYTimesAPITests.xctest */ = {isa = PBXFileReference; explicitFileType = wrapper.cfbundle; includeInIndex = 0; path = PlayingWithNYTimesAPITests.xctest; sourceTree = BUILT_PRODUCTS_DIR; };
		1BE6C0851D5414F000FD8963 /* PlayingWithNYTimesAPITests.swift */ = {isa = PBXFileReference; lastKnownFileType = sourcecode.swift; path = PlayingWithNYTimesAPITests.swift; sourceTree = "<group>"; };
		1BE6C0871D5414F000FD8963 /* Info.plist */ = {isa = PBXFileReference; lastKnownFileType = text.plist.xml; path = Info.plist; sourceTree = "<group>"; };
		1BE6C08C1D5414F000FD8963 /* PlayingWithNYTimesAPIUITests.xctest */ = {isa = PBXFileReference; explicitFileType = wrapper.cfbundle; includeInIndex = 0; path = PlayingWithNYTimesAPIUITests.xctest; sourceTree = BUILT_PRODUCTS_DIR; };
		1BE6C0901D5414F000FD8963 /* PlayingWithNYTimesAPIUITests.swift */ = {isa = PBXFileReference; lastKnownFileType = sourcecode.swift; path = PlayingWithNYTimesAPIUITests.swift; sourceTree = "<group>"; };
		1BE6C0921D5414F000FD8963 /* Info.plist */ = {isa = PBXFileReference; lastKnownFileType = text.plist.xml; path = Info.plist; sourceTree = "<group>"; };
		1BE6C09E1D54154900FD8963 /* NYTimesAPIClient.swift */ = {isa = PBXFileReference; fileEncoding = 4; lastKnownFileType = sourcecode.swift; path = NYTimesAPIClient.swift; sourceTree = "<group>"; };
		1BE6C0A01D54155B00FD8963 /* LocationsDataStore.swift */ = {isa = PBXFileReference; fileEncoding = 4; lastKnownFileType = sourcecode.swift; path = LocationsDataStore.swift; sourceTree = "<group>"; };
		1BE6C0A21D54156300FD8963 /* Location.swift */ = {isa = PBXFileReference; fileEncoding = 4; lastKnownFileType = sourcecode.swift; path = Location.swift; sourceTree = "<group>"; };
		2C40EB16F4360BE65E53908F /* Pods_PlayingWithNYTimesAPIUITests.framework */ = {isa = PBXFileReference; explicitFileType = wrapper.framework; includeInIndex = 0; path = Pods_PlayingWithNYTimesAPIUITests.framework; sourceTree = BUILT_PRODUCTS_DIR; };
		2F17A719B6079E868186EE48 /* Pods-PlayingWithNYTimesAPITests.debug.xcconfig */ = {isa = PBXFileReference; includeInIndex = 1; lastKnownFileType = text.xcconfig; name = "Pods-PlayingWithNYTimesAPITests.debug.xcconfig"; path = "Pods/Target Support Files/Pods-PlayingWithNYTimesAPITests/Pods-PlayingWithNYTimesAPITests.debug.xcconfig"; sourceTree = "<group>"; };
		4B20564AC9F431BC577238BD /* Pods-PlayingWithNYTimesAPI.debug.xcconfig */ = {isa = PBXFileReference; includeInIndex = 1; lastKnownFileType = text.xcconfig; name = "Pods-PlayingWithNYTimesAPI.debug.xcconfig"; path = "Pods/Target Support Files/Pods-PlayingWithNYTimesAPI/Pods-PlayingWithNYTimesAPI.debug.xcconfig"; sourceTree = "<group>"; };
		7E7FA6F056E47C8740816780 /* Pods-PlayingWithNYTimesAPI.release.xcconfig */ = {isa = PBXFileReference; includeInIndex = 1; lastKnownFileType = text.xcconfig; name = "Pods-PlayingWithNYTimesAPI.release.xcconfig"; path = "Pods/Target Support Files/Pods-PlayingWithNYTimesAPI/Pods-PlayingWithNYTimesAPI.release.xcconfig"; sourceTree = "<group>"; };
		A488E17A1D5511F300E314D5 /* Secrets.swift */ = {isa = PBXFileReference; fileEncoding = 4; lastKnownFileType = sourcecode.swift; path = Secrets.swift; sourceTree = "<group>"; };
		B150F0109FFAA80CBCBBD927 /* Pods_PlayingWithNYTimesAPI.framework */ = {isa = PBXFileReference; explicitFileType = wrapper.framework; includeInIndex = 0; path = Pods_PlayingWithNYTimesAPI.framework; sourceTree = BUILT_PRODUCTS_DIR; };
		C0CCC3432A8AE0DCAE9BF9F8 /* Pods-PlayingWithNYTimesAPIUITests.debug.xcconfig */ = {isa = PBXFileReference; includeInIndex = 1; lastKnownFileType = text.xcconfig; name = "Pods-PlayingWithNYTimesAPIUITests.debug.xcconfig"; path = "Pods/Target Support Files/Pods-PlayingWithNYTimesAPIUITests/Pods-PlayingWithNYTimesAPIUITests.debug.xcconfig"; sourceTree = "<group>"; };
		C108C6B024E9F21AFB42F340 /* Pods-PlayingWithNYTimesAPITests.release.xcconfig */ = {isa = PBXFileReference; includeInIndex = 1; lastKnownFileType = text.xcconfig; name = "Pods-PlayingWithNYTimesAPITests.release.xcconfig"; path = "Pods/Target Support Files/Pods-PlayingWithNYTimesAPITests/Pods-PlayingWithNYTimesAPITests.release.xcconfig"; sourceTree = "<group>"; };
		C514FDCFE6A8AF0618EC791A /* Pods_PlayingWithNYTimesAPITests.framework */ = {isa = PBXFileReference; explicitFileType = wrapper.framework; includeInIndex = 0; path = Pods_PlayingWithNYTimesAPITests.framework; sourceTree = BUILT_PRODUCTS_DIR; };
		DAE731ADF46CB48955BDB914 /* Pods-PlayingWithNYTimesAPIUITests.release.xcconfig */ = {isa = PBXFileReference; includeInIndex = 1; lastKnownFileType = text.xcconfig; name = "Pods-PlayingWithNYTimesAPIUITests.release.xcconfig"; path = "Pods/Target Support Files/Pods-PlayingWithNYTimesAPIUITests/Pods-PlayingWithNYTimesAPIUITests.release.xcconfig"; sourceTree = "<group>"; };
/* End PBXFileReference section */

/* Begin PBXFrameworksBuildPhase section */
		1BE6C06A1D5414F000FD8963 /* Frameworks */ = {
			isa = PBXFrameworksBuildPhase;
			buildActionMask = 2147483647;
			files = (
				19225D342A9A7BC5738F8C3D /* Pods_PlayingWithNYTimesAPI.framework in Frameworks */,
			);
			runOnlyForDeploymentPostprocessing = 0;
		};
		1BE6C07E1D5414F000FD8963 /* Frameworks */ = {
			isa = PBXFrameworksBuildPhase;
			buildActionMask = 2147483647;
			files = (
				0274AA8CCECE22CBEE84B777 /* Pods_PlayingWithNYTimesAPITests.framework in Frameworks */,
			);
			runOnlyForDeploymentPostprocessing = 0;
		};
		1BE6C0891D5414F000FD8963 /* Frameworks */ = {
			isa = PBXFrameworksBuildPhase;
			buildActionMask = 2147483647;
			files = (
				8E1924DB908C6E1CD52894D0 /* Pods_PlayingWithNYTimesAPIUITests.framework in Frameworks */,
			);
			runOnlyForDeploymentPostprocessing = 0;
		};
/* End PBXFrameworksBuildPhase section */

/* Begin PBXGroup section */
		1BE6C0641D5414F000FD8963 = {
			isa = PBXGroup;
			children = (
				1BE6C06F1D5414F000FD8963 /* PlayingWithNYTimesAPI */,
				1BE6C0841D5414F000FD8963 /* PlayingWithNYTimesAPITests */,
				1BE6C08F1D5414F000FD8963 /* PlayingWithNYTimesAPIUITests */,
				1BE6C06E1D5414F000FD8963 /* Products */,
				713D8EB5D3A32D6E9D4F4B2C /* Pods */,
				75F891B1CF5188DF6E161ED5 /* Frameworks */,
			);
			sourceTree = "<group>";
		};
		1BE6C06E1D5414F000FD8963 /* Products */ = {
			isa = PBXGroup;
			children = (
				1BE6C06D1D5414F000FD8963 /* PlayingWithNYTimesAPI.app */,
				1BE6C0811D5414F000FD8963 /* PlayingWithNYTimesAPITests.xctest */,
				1BE6C08C1D5414F000FD8963 /* PlayingWithNYTimesAPIUITests.xctest */,
			);
			name = Products;
			sourceTree = "<group>";
		};
		1BE6C06F1D5414F000FD8963 /* PlayingWithNYTimesAPI */ = {
			isa = PBXGroup;
			children = (
				A488E17A1D5511F300E314D5 /* Secrets.swift */,
				1BE6C0701D5414F000FD8963 /* AppDelegate.swift */,
				1BE6C0721D5414F000FD8963 /* ViewController.swift */,
				1BE6C09E1D54154900FD8963 /* NYTimesAPIClient.swift */,
				1BE6C0A01D54155B00FD8963 /* LocationsDataStore.swift */,
				1BE6C0A21D54156300FD8963 /* Location.swift */,
				1BE6C0741D5414F000FD8963 /* Main.storyboard */,
				1BE6C0771D5414F000FD8963 /* Assets.xcassets */,
				1BE6C0791D5414F000FD8963 /* LaunchScreen.storyboard */,
				1BE6C07C1D5414F000FD8963 /* Info.plist */,
			);
			path = PlayingWithNYTimesAPI;
			sourceTree = "<group>";
		};
		1BE6C0841D5414F000FD8963 /* PlayingWithNYTimesAPITests */ = {
			isa = PBXGroup;
			children = (
				1BE6C0851D5414F000FD8963 /* PlayingWithNYTimesAPITests.swift */,
				1BE6C0871D5414F000FD8963 /* Info.plist */,
			);
			path = PlayingWithNYTimesAPITests;
			sourceTree = "<group>";
		};
		1BE6C08F1D5414F000FD8963 /* PlayingWithNYTimesAPIUITests */ = {
			isa = PBXGroup;
			children = (
				1BE6C0901D5414F000FD8963 /* PlayingWithNYTimesAPIUITests.swift */,
				1BE6C0921D5414F000FD8963 /* Info.plist */,
			);
			path = PlayingWithNYTimesAPIUITests;
			sourceTree = "<group>";
		};
		713D8EB5D3A32D6E9D4F4B2C /* Pods */ = {
			isa = PBXGroup;
			children = (
				4B20564AC9F431BC577238BD /* Pods-PlayingWithNYTimesAPI.debug.xcconfig */,
				7E7FA6F056E47C8740816780 /* Pods-PlayingWithNYTimesAPI.release.xcconfig */,
				2F17A719B6079E868186EE48 /* Pods-PlayingWithNYTimesAPITests.debug.xcconfig */,
				C108C6B024E9F21AFB42F340 /* Pods-PlayingWithNYTimesAPITests.release.xcconfig */,
				C0CCC3432A8AE0DCAE9BF9F8 /* Pods-PlayingWithNYTimesAPIUITests.debug.xcconfig */,
				DAE731ADF46CB48955BDB914 /* Pods-PlayingWithNYTimesAPIUITests.release.xcconfig */,
			);
			name = Pods;
			sourceTree = "<group>";
		};
		75F891B1CF5188DF6E161ED5 /* Frameworks */ = {
			isa = PBXGroup;
			children = (
				B150F0109FFAA80CBCBBD927 /* Pods_PlayingWithNYTimesAPI.framework */,
				C514FDCFE6A8AF0618EC791A /* Pods_PlayingWithNYTimesAPITests.framework */,
				2C40EB16F4360BE65E53908F /* Pods_PlayingWithNYTimesAPIUITests.framework */,
			);
			name = Frameworks;
			sourceTree = "<group>";
		};
/* End PBXGroup section */

/* Begin PBXNativeTarget section */
		1BE6C06C1D5414F000FD8963 /* PlayingWithNYTimesAPI */ = {
			isa = PBXNativeTarget;
			buildConfigurationList = 1BE6C0951D5414F000FD8963 /* Build configuration list for PBXNativeTarget "PlayingWithNYTimesAPI" */;
			buildPhases = (
				474F181497F5D8F17C1D543F /* [CP] Check Pods Manifest.lock */,
				1BE6C0691D5414F000FD8963 /* Sources */,
				1BE6C06A1D5414F000FD8963 /* Frameworks */,
				1BE6C06B1D5414F000FD8963 /* Resources */,
				8E8C799E169EA4A7263A7EDC /* [CP] Embed Pods Frameworks */,
				D1153F18411B42641C1A081F /* [CP] Copy Pods Resources */,
				44E2CCACD1010B02C34236DB /* Embed Pods Frameworks */,
			);
			buildRules = (
			);
			dependencies = (
			);
			name = PlayingWithNYTimesAPI;
			productName = PlayingWithNYTimesAPI;
			productReference = 1BE6C06D1D5414F000FD8963 /* PlayingWithNYTimesAPI.app */;
			productType = "com.apple.product-type.application";
		};
		1BE6C0801D5414F000FD8963 /* PlayingWithNYTimesAPITests */ = {
			isa = PBXNativeTarget;
			buildConfigurationList = 1BE6C0981D5414F000FD8963 /* Build configuration list for PBXNativeTarget "PlayingWithNYTimesAPITests" */;
			buildPhases = (
				894DDBF24B5184A0A5B98DAD /* [CP] Check Pods Manifest.lock */,
				1BE6C07D1D5414F000FD8963 /* Sources */,
				1BE6C07E1D5414F000FD8963 /* Frameworks */,
				1BE6C07F1D5414F000FD8963 /* Resources */,
				924376D8DE8138D2F0A66684 /* [CP] Embed Pods Frameworks */,
				3B0431DDB6B6306D8A0DDAA0 /* [CP] Copy Pods Resources */,
			);
			buildRules = (
			);
			dependencies = (
				1BE6C0831D5414F000FD8963 /* PBXTargetDependency */,
			);
			name = PlayingWithNYTimesAPITests;
			productName = PlayingWithNYTimesAPITests;
			productReference = 1BE6C0811D5414F000FD8963 /* PlayingWithNYTimesAPITests.xctest */;
			productType = "com.apple.product-type.bundle.unit-test";
		};
		1BE6C08B1D5414F000FD8963 /* PlayingWithNYTimesAPIUITests */ = {
			isa = PBXNativeTarget;
			buildConfigurationList = 1BE6C09B1D5414F000FD8963 /* Build configuration list for PBXNativeTarget "PlayingWithNYTimesAPIUITests" */;
			buildPhases = (
				B69AB0F54464167CB797636A /* [CP] Check Pods Manifest.lock */,
				1BE6C0881D5414F000FD8963 /* Sources */,
				1BE6C0891D5414F000FD8963 /* Frameworks */,
				1BE6C08A1D5414F000FD8963 /* Resources */,
				A9F5CDF67C47E00C604860FB /* [CP] Copy Pods Resources */,
			);
			buildRules = (
			);
			dependencies = (
				1BE6C08E1D5414F000FD8963 /* PBXTargetDependency */,
			);
			name = PlayingWithNYTimesAPIUITests;
			productName = PlayingWithNYTimesAPIUITests;
			productReference = 1BE6C08C1D5414F000FD8963 /* PlayingWithNYTimesAPIUITests.xctest */;
			productType = "com.apple.product-type.bundle.ui-testing";
		};
/* End PBXNativeTarget section */

/* Begin PBXProject section */
		1BE6C0651D5414F000FD8963 /* Project object */ = {
			isa = PBXProject;
			attributes = {
				LastSwiftUpdateCheck = 0730;
				LastUpgradeCheck = 0730;
				ORGANIZATIONNAME = "Flatiron School";
				TargetAttributes = {
					1BE6C06C1D5414F000FD8963 = {
						CreatedOnToolsVersion = 7.3.1;
					};
					1BE6C0801D5414F000FD8963 = {
						CreatedOnToolsVersion = 7.3.1;
						TestTargetID = 1BE6C06C1D5414F000FD8963;
					};
					1BE6C08B1D5414F000FD8963 = {
						CreatedOnToolsVersion = 7.3.1;
						TestTargetID = 1BE6C06C1D5414F000FD8963;
					};
				};
			};
			buildConfigurationList = 1BE6C0681D5414F000FD8963 /* Build configuration list for PBXProject "PlayingWithNYTimesAPI" */;
			compatibilityVersion = "Xcode 3.2";
			developmentRegion = English;
			hasScannedForEncodings = 0;
			knownRegions = (
				en,
				Base,
			);
			mainGroup = 1BE6C0641D5414F000FD8963;
			productRefGroup = 1BE6C06E1D5414F000FD8963 /* Products */;
			projectDirPath = "";
			projectRoot = "";
			targets = (
				1BE6C06C1D5414F000FD8963 /* PlayingWithNYTimesAPI */,
				1BE6C0801D5414F000FD8963 /* PlayingWithNYTimesAPITests */,
				1BE6C08B1D5414F000FD8963 /* PlayingWithNYTimesAPIUITests */,
			);
		};
/* End PBXProject section */

/* Begin PBXResourcesBuildPhase section */
		1BE6C06B1D5414F000FD8963 /* Resources */ = {
			isa = PBXResourcesBuildPhase;
			buildActionMask = 2147483647;
			files = (
				1BE6C07B1D5414F000FD8963 /* LaunchScreen.storyboard in Resources */,
				1BE6C0781D5414F000FD8963 /* Assets.xcassets in Resources */,
				1BE6C0761D5414F000FD8963 /* Main.storyboard in Resources */,
			);
			runOnlyForDeploymentPostprocessing = 0;
		};
		1BE6C07F1D5414F000FD8963 /* Resources */ = {
			isa = PBXResourcesBuildPhase;
			buildActionMask = 2147483647;
			files = (
			);
			runOnlyForDeploymentPostprocessing = 0;
		};
		1BE6C08A1D5414F000FD8963 /* Resources */ = {
			isa = PBXResourcesBuildPhase;
			buildActionMask = 2147483647;
			files = (
			);
			runOnlyForDeploymentPostprocessing = 0;
		};
/* End PBXResourcesBuildPhase section */

/* Begin PBXShellScriptBuildPhase section */
		3B0431DDB6B6306D8A0DDAA0 /* [CP] Copy Pods Resources */ = {
			isa = PBXShellScriptBuildPhase;
			buildActionMask = 2147483647;
			files = (
			);
			inputPaths = (
			);
			name = "[CP] Copy Pods Resources";
			outputPaths = (
			);
			runOnlyForDeploymentPostprocessing = 0;
			shellPath = /bin/sh;
			shellScript = "\"${SRCROOT}/Pods/Target Support Files/Pods-PlayingWithNYTimesAPITests/Pods-PlayingWithNYTimesAPITests-resources.sh\"\n";
			showEnvVarsInLog = 0;
		};
		44E2CCACD1010B02C34236DB /* Embed Pods Frameworks */ = {
			isa = PBXShellScriptBuildPhase;
			buildActionMask = 2147483647;
			files = (
			);
			inputPaths = (
			);
			name = "Embed Pods Frameworks";
			outputPaths = (
			);
			runOnlyForDeploymentPostprocessing = 0;
			shellPath = /bin/sh;
			shellScript = "\"${SRCROOT}/Pods/Target Support Files/Pods-PlayingWithNYTimesAPI/Pods-PlayingWithNYTimesAPI-frameworks.sh\"\n";
			showEnvVarsInLog = 0;
		};
		474F181497F5D8F17C1D543F /* [CP] Check Pods Manifest.lock */ = {
			isa = PBXShellScriptBuildPhase;
			buildActionMask = 2147483647;
			files = (
			);
			inputPaths = (
			);
			name = "[CP] Check Pods Manifest.lock";
			outputPaths = (
			);
			runOnlyForDeploymentPostprocessing = 0;
			shellPath = /bin/sh;
			shellScript = "diff \"${PODS_ROOT}/../Podfile.lock\" \"${PODS_ROOT}/Manifest.lock\" > /dev/null\nif [[ $? != 0 ]] ; then\n    cat << EOM\nerror: The sandbox is not in sync with the Podfile.lock. Run 'pod install' or update your CocoaPods installation.\nEOM\n    exit 1\nfi\n";
			showEnvVarsInLog = 0;
		};
		894DDBF24B5184A0A5B98DAD /* [CP] Check Pods Manifest.lock */ = {
			isa = PBXShellScriptBuildPhase;
			buildActionMask = 2147483647;
			files = (
			);
			inputPaths = (
			);
			name = "[CP] Check Pods Manifest.lock";
			outputPaths = (
			);
			runOnlyForDeploymentPostprocessing = 0;
			shellPath = /bin/sh;
			shellScript = "diff \"${PODS_ROOT}/../Podfile.lock\" \"${PODS_ROOT}/Manifest.lock\" > /dev/null\nif [[ $? != 0 ]] ; then\n    cat << EOM\nerror: The sandbox is not in sync with the Podfile.lock. Run 'pod install' or update your CocoaPods installation.\nEOM\n    exit 1\nfi\n";
			showEnvVarsInLog = 0;
		};
		8E8C799E169EA4A7263A7EDC /* [CP] Embed Pods Frameworks */ = {
			isa = PBXShellScriptBuildPhase;
			buildActionMask = 2147483647;
			files = (
			);
			inputPaths = (
			);
			name = "[CP] Embed Pods Frameworks";
			outputPaths = (
			);
			runOnlyForDeploymentPostprocessing = 0;
			shellPath = /bin/sh;
			shellScript = "\"${SRCROOT}/Pods/Target Support Files/Pods-PlayingWithNYTimesAPI/Pods-PlayingWithNYTimesAPI-frameworks.sh\"\n";
			showEnvVarsInLog = 0;
		};
		924376D8DE8138D2F0A66684 /* [CP] Embed Pods Frameworks */ = {
			isa = PBXShellScriptBuildPhase;
			buildActionMask = 2147483647;
			files = (
			);
			inputPaths = (
			);
			name = "[CP] Embed Pods Frameworks";
			outputPaths = (
			);
			runOnlyForDeploymentPostprocessing = 0;
			shellPath = /bin/sh;
			shellScript = "\"${SRCROOT}/Pods/Target Support Files/Pods-PlayingWithNYTimesAPITests/Pods-PlayingWithNYTimesAPITests-frameworks.sh\"\n";
			showEnvVarsInLog = 0;
		};
		A9F5CDF67C47E00C604860FB /* [CP] Copy Pods Resources */ = {
			isa = PBXShellScriptBuildPhase;
			buildActionMask = 2147483647;
			files = (
			);
			inputPaths = (
			);
			name = "[CP] Copy Pods Resources";
			outputPaths = (
			);
			runOnlyForDeploymentPostprocessing = 0;
			shellPath = /bin/sh;
			shellScript = "\"${SRCROOT}/Pods/Target Support Files/Pods-PlayingWithNYTimesAPIUITests/Pods-PlayingWithNYTimesAPIUITests-resources.sh\"\n";
			showEnvVarsInLog = 0;
		};
		B69AB0F54464167CB797636A /* [CP] Check Pods Manifest.lock */ = {
			isa = PBXShellScriptBuildPhase;
			buildActionMask = 2147483647;
			files = (
			);
			inputPaths = (
			);
			name = "[CP] Check Pods Manifest.lock";
			outputPaths = (
			);
			runOnlyForDeploymentPostprocessing = 0;
			shellPath = /bin/sh;
			shellScript = "diff \"${PODS_ROOT}/../Podfile.lock\" \"${PODS_ROOT}/Manifest.lock\" > /dev/null\nif [[ $? != 0 ]] ; then\n    cat << EOM\nerror: The sandbox is not in sync with the Podfile.lock. Run 'pod install' or update your CocoaPods installation.\nEOM\n    exit 1\nfi\n";
			showEnvVarsInLog = 0;
		};
		D1153F18411B42641C1A081F /* [CP] Copy Pods Resources */ = {
			isa = PBXShellScriptBuildPhase;
			buildActionMask = 2147483647;
			files = (
			);
			inputPaths = (
			);
			name = "[CP] Copy Pods Resources";
			outputPaths = (
			);
			runOnlyForDeploymentPostprocessing = 0;
			shellPath = /bin/sh;
			shellScript = "\"${SRCROOT}/Pods/Target Support Files/Pods-PlayingWithNYTimesAPI/Pods-PlayingWithNYTimesAPI-resources.sh\"\n";
			showEnvVarsInLog = 0;
		};
/* End PBXShellScriptBuildPhase section */

/* Begin PBXSourcesBuildPhase section */
		1BE6C0691D5414F000FD8963 /* Sources */ = {
			isa = PBXSourcesBuildPhase;
			buildActionMask = 2147483647;
			files = (
				1BE6C0731D5414F000FD8963 /* ViewController.swift in Sources */,
				A488E17B1D5511F300E314D5 /* Secrets.swift in Sources */,
				1BE6C09F1D54154900FD8963 /* NYTimesAPIClient.swift in Sources */,
				1BE6C0A31D54156300FD8963 /* Location.swift in Sources */,
				1BE6C0A11D54155B00FD8963 /* LocationsDataStore.swift in Sources */,
				1BE6C0711D5414F000FD8963 /* AppDelegate.swift in Sources */,
			);
			runOnlyForDeploymentPostprocessing = 0;
		};
		1BE6C07D1D5414F000FD8963 /* Sources */ = {
			isa = PBXSourcesBuildPhase;
			buildActionMask = 2147483647;
			files = (
				1BE6C0861D5414F000FD8963 /* PlayingWithNYTimesAPITests.swift in Sources */,
			);
			runOnlyForDeploymentPostprocessing = 0;
		};
		1BE6C0881D5414F000FD8963 /* Sources */ = {
			isa = PBXSourcesBuildPhase;
			buildActionMask = 2147483647;
			files = (
				1BE6C0911D5414F000FD8963 /* PlayingWithNYTimesAPIUITests.swift in Sources */,
			);
			runOnlyForDeploymentPostprocessing = 0;
		};
/* End PBXSourcesBuildPhase section */

/* Begin PBXTargetDependency section */
		1BE6C0831D5414F000FD8963 /* PBXTargetDependency */ = {
			isa = PBXTargetDependency;
			target = 1BE6C06C1D5414F000FD8963 /* PlayingWithNYTimesAPI */;
			targetProxy = 1BE6C0821D5414F000FD8963 /* PBXContainerItemProxy */;
		};
		1BE6C08E1D5414F000FD8963 /* PBXTargetDependency */ = {
			isa = PBXTargetDependency;
			target = 1BE6C06C1D5414F000FD8963 /* PlayingWithNYTimesAPI */;
			targetProxy = 1BE6C08D1D5414F000FD8963 /* PBXContainerItemProxy */;
		};
/* End PBXTargetDependency section */

/* Begin PBXVariantGroup section */
		1BE6C0741D5414F000FD8963 /* Main.storyboard */ = {
			isa = PBXVariantGroup;
			children = (
				1BE6C0751D5414F000FD8963 /* Base */,
			);
			name = Main.storyboard;
			sourceTree = "<group>";
		};
		1BE6C0791D5414F000FD8963 /* LaunchScreen.storyboard */ = {
			isa = PBXVariantGroup;
			children = (
				1BE6C07A1D5414F000FD8963 /* Base */,
			);
			name = LaunchScreen.storyboard;
			sourceTree = "<group>";
		};
/* End PBXVariantGroup section */

/* Begin XCBuildConfiguration section */
		1BE6C0931D5414F000FD8963 /* Debug */ = {
			isa = XCBuildConfiguration;
			buildSettings = {
				ALWAYS_SEARCH_USER_PATHS = NO;
				CLANG_ANALYZER_NONNULL = YES;
				CLANG_CXX_LANGUAGE_STANDARD = "gnu++0x";
				CLANG_CXX_LIBRARY = "libc++";
				CLANG_ENABLE_MODULES = YES;
				CLANG_ENABLE_OBJC_ARC = YES;
				CLANG_WARN_BOOL_CONVERSION = YES;
				CLANG_WARN_CONSTANT_CONVERSION = YES;
				CLANG_WARN_DIRECT_OBJC_ISA_USAGE = YES_ERROR;
				CLANG_WARN_EMPTY_BODY = YES;
				CLANG_WARN_ENUM_CONVERSION = YES;
				CLANG_WARN_INT_CONVERSION = YES;
				CLANG_WARN_OBJC_ROOT_CLASS = YES_ERROR;
				CLANG_WARN_UNREACHABLE_CODE = YES;
				CLANG_WARN__DUPLICATE_METHOD_MATCH = YES;
				"CODE_SIGN_IDENTITY[sdk=iphoneos*]" = "iPhone Developer";
				COPY_PHASE_STRIP = NO;
				DEBUG_INFORMATION_FORMAT = dwarf;
				ENABLE_STRICT_OBJC_MSGSEND = YES;
				ENABLE_TESTABILITY = YES;
				GCC_C_LANGUAGE_STANDARD = gnu99;
				GCC_DYNAMIC_NO_PIC = NO;
				GCC_NO_COMMON_BLOCKS = YES;
				GCC_OPTIMIZATION_LEVEL = 0;
				GCC_PREPROCESSOR_DEFINITIONS = (
					"DEBUG=1",
					"$(inherited)",
				);
				GCC_WARN_64_TO_32_BIT_CONVERSION = YES;
				GCC_WARN_ABOUT_RETURN_TYPE = YES_ERROR;
				GCC_WARN_UNDECLARED_SELECTOR = YES;
				GCC_WARN_UNINITIALIZED_AUTOS = YES_AGGRESSIVE;
				GCC_WARN_UNUSED_FUNCTION = YES;
				GCC_WARN_UNUSED_VARIABLE = YES;
				IPHONEOS_DEPLOYMENT_TARGET = 9.3;
				MTL_ENABLE_DEBUG_INFO = YES;
				ONLY_ACTIVE_ARCH = YES;
				SDKROOT = iphoneos;
				SWIFT_OPTIMIZATION_LEVEL = "-Onone";
				TARGETED_DEVICE_FAMILY = "1,2";
			};
			name = Debug;
		};
		1BE6C0941D5414F000FD8963 /* Release */ = {
			isa = XCBuildConfiguration;
			buildSettings = {
				ALWAYS_SEARCH_USER_PATHS = NO;
				CLANG_ANALYZER_NONNULL = YES;
				CLANG_CXX_LANGUAGE_STANDARD = "gnu++0x";
				CLANG_CXX_LIBRARY = "libc++";
				CLANG_ENABLE_MODULES = YES;
				CLANG_ENABLE_OBJC_ARC = YES;
				CLANG_WARN_BOOL_CONVERSION = YES;
				CLANG_WARN_CONSTANT_CONVERSION = YES;
				CLANG_WARN_DIRECT_OBJC_ISA_USAGE = YES_ERROR;
				CLANG_WARN_EMPTY_BODY = YES;
				CLANG_WARN_ENUM_CONVERSION = YES;
				CLANG_WARN_INT_CONVERSION = YES;
				CLANG_WARN_OBJC_ROOT_CLASS = YES_ERROR;
				CLANG_WARN_UNREACHABLE_CODE = YES;
				CLANG_WARN__DUPLICATE_METHOD_MATCH = YES;
				"CODE_SIGN_IDENTITY[sdk=iphoneos*]" = "iPhone Developer";
				COPY_PHASE_STRIP = NO;
				DEBUG_INFORMATION_FORMAT = "dwarf-with-dsym";
				ENABLE_NS_ASSERTIONS = NO;
				ENABLE_STRICT_OBJC_MSGSEND = YES;
				GCC_C_LANGUAGE_STANDARD = gnu99;
				GCC_NO_COMMON_BLOCKS = YES;
				GCC_WARN_64_TO_32_BIT_CONVERSION = YES;
				GCC_WARN_ABOUT_RETURN_TYPE = YES_ERROR;
				GCC_WARN_UNDECLARED_SELECTOR = YES;
				GCC_WARN_UNINITIALIZED_AUTOS = YES_AGGRESSIVE;
				GCC_WARN_UNUSED_FUNCTION = YES;
				GCC_WARN_UNUSED_VARIABLE = YES;
				IPHONEOS_DEPLOYMENT_TARGET = 9.3;
				MTL_ENABLE_DEBUG_INFO = NO;
				SDKROOT = iphoneos;
				TARGETED_DEVICE_FAMILY = "1,2";
				VALIDATE_PRODUCT = YES;
			};
			name = Release;
		};
		1BE6C0961D5414F000FD8963 /* Debug */ = {
			isa = XCBuildConfiguration;
			baseConfigurationReference = 4B20564AC9F431BC577238BD /* Pods-PlayingWithNYTimesAPI.debug.xcconfig */;
			buildSettings = {
				ASSETCATALOG_COMPILER_APPICON_NAME = AppIcon;
				INFOPLIST_FILE = PlayingWithNYTimesAPI/Info.plist;
				LD_RUNPATH_SEARCH_PATHS = "$(inherited) @executable_path/Frameworks";
				PRODUCT_BUNDLE_IDENTIFIER = "flatiron-school.PlayingWithNYTimesAPI";
				PRODUCT_NAME = "$(TARGET_NAME)";
			};
			name = Debug;
		};
		1BE6C0971D5414F000FD8963 /* Release */ = {
			isa = XCBuildConfiguration;
			baseConfigurationReference = 7E7FA6F056E47C8740816780 /* Pods-PlayingWithNYTimesAPI.release.xcconfig */;
			buildSettings = {
				ASSETCATALOG_COMPILER_APPICON_NAME = AppIcon;
				INFOPLIST_FILE = PlayingWithNYTimesAPI/Info.plist;
				LD_RUNPATH_SEARCH_PATHS = "$(inherited) @executable_path/Frameworks";
				PRODUCT_BUNDLE_IDENTIFIER = "flatiron-school.PlayingWithNYTimesAPI";
				PRODUCT_NAME = "$(TARGET_NAME)";
			};
			name = Release;
		};
		1BE6C0991D5414F000FD8963 /* Debug */ = {
			isa = XCBuildConfiguration;
			baseConfigurationReference = 2F17A719B6079E868186EE48 /* Pods-PlayingWithNYTimesAPITests.debug.xcconfig */;
			buildSettings = {
				BUNDLE_LOADER = "$(TEST_HOST)";
				INFOPLIST_FILE = PlayingWithNYTimesAPITests/Info.plist;
				LD_RUNPATH_SEARCH_PATHS = "$(inherited) @executable_path/Frameworks @loader_path/Frameworks";
				PRODUCT_BUNDLE_IDENTIFIER = "flatiron-school.PlayingWithNYTimesAPITests";
				PRODUCT_NAME = "$(TARGET_NAME)";
				TEST_HOST = "$(BUILT_PRODUCTS_DIR)/PlayingWithNYTimesAPI.app/PlayingWithNYTimesAPI";
			};
			name = Debug;
		};
		1BE6C09A1D5414F000FD8963 /* Release */ = {
			isa = XCBuildConfiguration;
			baseConfigurationReference = C108C6B024E9F21AFB42F340 /* Pods-PlayingWithNYTimesAPITests.release.xcconfig */;
			buildSettings = {
				BUNDLE_LOADER = "$(TEST_HOST)";
				INFOPLIST_FILE = PlayingWithNYTimesAPITests/Info.plist;
				LD_RUNPATH_SEARCH_PATHS = "$(inherited) @executable_path/Frameworks @loader_path/Frameworks";
				PRODUCT_BUNDLE_IDENTIFIER = "flatiron-school.PlayingWithNYTimesAPITests";
				PRODUCT_NAME = "$(TARGET_NAME)";
				TEST_HOST = "$(BUILT_PRODUCTS_DIR)/PlayingWithNYTimesAPI.app/PlayingWithNYTimesAPI";
			};
			name = Release;
		};
		1BE6C09C1D5414F000FD8963 /* Debug */ = {
			isa = XCBuildConfiguration;
			baseConfigurationReference = C0CCC3432A8AE0DCAE9BF9F8 /* Pods-PlayingWithNYTimesAPIUITests.debug.xcconfig */;
			buildSettings = {
				INFOPLIST_FILE = PlayingWithNYTimesAPIUITests/Info.plist;
				LD_RUNPATH_SEARCH_PATHS = "$(inherited) @executable_path/Frameworks @loader_path/Frameworks";
				PRODUCT_BUNDLE_IDENTIFIER = "flatiron-school.PlayingWithNYTimesAPIUITests";
				PRODUCT_NAME = "$(TARGET_NAME)";
				TEST_TARGET_NAME = PlayingWithNYTimesAPI;
			};
			name = Debug;
		};
		1BE6C09D1D5414F000FD8963 /* Release */ = {
			isa = XCBuildConfiguration;
			baseConfigurationReference = DAE731ADF46CB48955BDB914 /* Pods-PlayingWithNYTimesAPIUITests.release.xcconfig */;
			buildSettings = {
				INFOPLIST_FILE = PlayingWithNYTimesAPIUITests/Info.plist;
				LD_RUNPATH_SEARCH_PATHS = "$(inherited) @executable_path/Frameworks @loader_path/Frameworks";
				PRODUCT_BUNDLE_IDENTIFIER = "flatiron-school.PlayingWithNYTimesAPIUITests";
				PRODUCT_NAME = "$(TARGET_NAME)";
				TEST_TARGET_NAME = PlayingWithNYTimesAPI;
			};
			name = Release;
		};
/* End XCBuildConfiguration section */

/* Begin XCConfigurationList section */
		1BE6C0681D5414F000FD8963 /* Build configuration list for PBXProject "PlayingWithNYTimesAPI" */ = {
			isa = XCConfigurationList;
			buildConfigurations = (
				1BE6C0931D5414F000FD8963 /* Debug */,
				1BE6C0941D5414F000FD8963 /* Release */,
			);
			defaultConfigurationIsVisible = 0;
			defaultConfigurationName = Release;
		};
		1BE6C0951D5414F000FD8963 /* Build configuration list for PBXNativeTarget "PlayingWithNYTimesAPI" */ = {
			isa = XCConfigurationList;
			buildConfigurations = (
				1BE6C0961D5414F000FD8963 /* Debug */,
				1BE6C0971D5414F000FD8963 /* Release */,
			);
			defaultConfigurationIsVisible = 0;
			defaultConfigurationName = Release;
		};
		1BE6C0981D5414F000FD8963 /* Build configuration list for PBXNativeTarget "PlayingWithNYTimesAPITests" */ = {
			isa = XCConfigurationList;
			buildConfigurations = (
				1BE6C0991D5414F000FD8963 /* Debug */,
				1BE6C09A1D5414F000FD8963 /* Release */,
			);
			defaultConfigurationIsVisible = 0;
			defaultConfigurationName = Release;
		};
		1BE6C09B1D5414F000FD8963 /* Build configuration list for PBXNativeTarget "PlayingWithNYTimesAPIUITests" */ = {
			isa = XCConfigurationList;
			buildConfigurations = (
				1BE6C09C1D5414F000FD8963 /* Debug */,
				1BE6C09D1D5414F000FD8963 /* Release */,
			);
			defaultConfigurationIsVisible = 0;
			defaultConfigurationName = Release;
		};
/* End XCConfigurationList section */
	};
	rootObject = 1BE6C0651D5414F000FD8963 /* Project object */;
}
